
Microsoft Visual Studio Solution File, Format Version 12.00
# Visual Studio 15
VisualStudioVersion = 15.0.27703.2042
MinimumVisualStudioVersion = 10.0.40219.1
Project("{FAE04EC0-301F-11D3-BF4B-00C04F79EFBC}") = "GoodsTask", "GoodsTask\GoodsTask.csproj", "{7D134062-13E2-4608-AFFA-0D32D60B19E7}"
EndProject
Global
	GlobalSection(SolutionConfigurationPlatforms) = preSolution
		Debug|Any CPU = Debug|Any CPU
		Release|Any CPU = Release|Any CPU
	EndGlobalSection
	GlobalSection(ProjectConfigurationPlatforms) = postSolution
		{7D134062-13E2-4608-AFFA-0D32D60B19E7}.Debug|Any CPU.ActiveCfg = Debug|Any CPU
		{7D134062-13E2-4608-AFFA-0D32D60B19E7}.Debug|Any CPU.Build.0 = Debug|Any CPU
		{7D134062-13E2-4608-AFFA-0D32D60B19E7}.Release|Any CPU.ActiveCfg = Release|Any CPU
		{7D134062-13E2-4608-AFFA-0D32D60B19E7}.Release|Any CPU.Build.0 = Release|Any CPU
	EndGlobalSection
	GlobalSection(SolutionProperties) = preSolution
		HideSolutionNode = FALSE
	EndGlobalSection
	GlobalSection(ExtensibilityGlobals) = postSolution
		SolutionGuid = {72FD397D-3364-4ABE-81A4-8373A534E462}
	EndGlobalSection
EndGlobal
